
Microsoft Visual Studio Solution File, Format Version 12.00
# Visual Studio 2013
VisualStudioVersion = 12.0.40629.0
MinimumVisualStudioVersion = 10.0.40219.1
Project("{FAE04EC0-301F-11D3-BF4B-00C04F79EFBC}") = "WebTestFramework", "WebTestFramework\WebTestFramework.csproj", "{828BA9B9-A7E7-4F86-85CD-08F69EBB14BE}"
EndProject
Project("{FAE04EC0-301F-11D3-BF4B-00C04F79EFBC}") = "Tests", "Tests\Tests.csproj", "{27E020CC-10F7-41E7-B3B1-2E59AA5FE12A}"
EndProject
Global
	GlobalSection(SolutionConfigurationPlatforms) = preSolution
		Debug|Any CPU = Debug|Any CPU
		Release|Any CPU = Release|Any CPU
	EndGlobalSection
	GlobalSection(ProjectConfigurationPlatforms) = postSolution
		{828BA9B9-A7E7-4F86-85CD-08F69EBB14BE}.Debug|Any CPU.ActiveCfg = Debug|Any CPU
		{828BA9B9-A7E7-4F86-85CD-08F69EBB14BE}.Debug|Any CPU.Build.0 = Debug|Any CPU
		{828BA9B9-A7E7-4F86-85CD-08F69EBB14BE}.Release|Any CPU.ActiveCfg = Release|Any CPU
		{828BA9B9-A7E7-4F86-85CD-08F69EBB14BE}.Release|Any CPU.Build.0 = Release|Any CPU
		{27E020CC-10F7-41E7-B3B1-2E59AA5FE12A}.Debug|Any CPU.ActiveCfg = Debug|Any CPU
		{27E020CC-10F7-41E7-B3B1-2E59AA5FE12A}.Debug|Any CPU.Build.0 = Debug|Any CPU
		{27E020CC-10F7-41E7-B3B1-2E59AA5FE12A}.Release|Any CPU.ActiveCfg = Release|Any CPU
		{27E020CC-10F7-41E7-B3B1-2E59AA5FE12A}.Release|Any CPU.Build.0 = Release|Any CPU
	EndGlobalSection
	GlobalSection(SolutionProperties) = preSolution
		HideSolutionNode = FALSE
	EndGlobalSection
EndGlobal
