
Microsoft Visual Studio Solution File, Format Version 12.00
# Visual Studio 2012
Project("{FAE04EC0-301F-11D3-BF4B-00C04F79EFBC}") = "Decisions", "Decisions\Decisions.csproj", "{F0C5DD6D-9EFE-46C9-A432-C26109CEE48B}"
EndProject
Global
	GlobalSection(SolutionConfigurationPlatforms) = preSolution
		Debug|Any CPU = Debug|Any CPU
		Release|Any CPU = Release|Any CPU
	EndGlobalSection
	GlobalSection(ProjectConfigurationPlatforms) = postSolution
		{F0C5DD6D-9EFE-46C9-A432-C26109CEE48B}.Debug|Any CPU.ActiveCfg = Debug|Any CPU
		{F0C5DD6D-9EFE-46C9-A432-C26109CEE48B}.Debug|Any CPU.Build.0 = Debug|Any CPU
		{F0C5DD6D-9EFE-46C9-A432-C26109CEE48B}.Release|Any CPU.ActiveCfg = Release|Any CPU
		{F0C5DD6D-9EFE-46C9-A432-C26109CEE48B}.Release|Any CPU.Build.0 = Release|Any CPU
	EndGlobalSection
	GlobalSection(SolutionProperties) = preSolution
		HideSolutionNode = FALSE
	EndGlobalSection
EndGlobal
