
Microsoft Visual Studio Solution File, Format Version 12.00
# Visual Studio 2013
VisualStudioVersion = 12.0.40629.0
MinimumVisualStudioVersion = 10.0.40219.1
Project("{FAE04EC0-301F-11D3-BF4B-00C04F79EFBC}") = "WordPressAutomation", "WordPressAutomation\WordPressAutomation.csproj", "{AE77526D-DCD3-4571-89E8-BBE5B6F82194}"
EndProject
Project("{FAE04EC0-301F-11D3-BF4B-00C04F79EFBC}") = "WordPressTests", "WordPressTests\WordPressTests.csproj", "{14F1F305-DDCA-469F-9D55-E45F7F0C2BDA}"
EndProject
Global
	GlobalSection(SolutionConfigurationPlatforms) = preSolution
		Debug|Any CPU = Debug|Any CPU
		Release|Any CPU = Release|Any CPU
	EndGlobalSection
	GlobalSection(ProjectConfigurationPlatforms) = postSolution
		{AE77526D-DCD3-4571-89E8-BBE5B6F82194}.Debug|Any CPU.ActiveCfg = Debug|Any CPU
		{AE77526D-DCD3-4571-89E8-BBE5B6F82194}.Debug|Any CPU.Build.0 = Debug|Any CPU
		{AE77526D-DCD3-4571-89E8-BBE5B6F82194}.Release|Any CPU.ActiveCfg = Release|Any CPU
		{AE77526D-DCD3-4571-89E8-BBE5B6F82194}.Release|Any CPU.Build.0 = Release|Any CPU
		{14F1F305-DDCA-469F-9D55-E45F7F0C2BDA}.Debug|Any CPU.ActiveCfg = Debug|Any CPU
		{14F1F305-DDCA-469F-9D55-E45F7F0C2BDA}.Debug|Any CPU.Build.0 = Debug|Any CPU
		{14F1F305-DDCA-469F-9D55-E45F7F0C2BDA}.Release|Any CPU.ActiveCfg = Release|Any CPU
		{14F1F305-DDCA-469F-9D55-E45F7F0C2BDA}.Release|Any CPU.Build.0 = Release|Any CPU
	EndGlobalSection
	GlobalSection(SolutionProperties) = preSolution
		HideSolutionNode = FALSE
	EndGlobalSection
EndGlobal
