
Microsoft Visual Studio Solution File, Format Version 12.00
# Visual Studio 14
VisualStudioVersion = 14.0.25123.0
MinimumVisualStudioVersion = 10.0.40219.1
Project("{FAE04EC0-301F-11D3-BF4B-00C04F79EFBC}") = "WinDemo", "WinDemo\WinDemo.csproj", "{E136D620-2824-489A-9530-18E24BBD596D}"
EndProject
Project("{FAE04EC0-301F-11D3-BF4B-00C04F79EFBC}") = "ASPDemo", "ASPDemo\ASPDemo.csproj", "{47A538AD-87AE-45E7-9296-A12D1EF0D6C8}"
EndProject
Project("{FAE04EC0-301F-11D3-BF4B-00C04F79EFBC}") = "DataLayer", "DataLayer\DataLayer.csproj", "{74641EF0-6950-45E1-9231-34A09B6E166F}"
EndProject
Global
	GlobalSection(SolutionConfigurationPlatforms) = preSolution
		Debug|Any CPU = Debug|Any CPU
		Release|Any CPU = Release|Any CPU
	EndGlobalSection
	GlobalSection(ProjectConfigurationPlatforms) = postSolution
		{E136D620-2824-489A-9530-18E24BBD596D}.Debug|Any CPU.ActiveCfg = Debug|Any CPU
		{E136D620-2824-489A-9530-18E24BBD596D}.Debug|Any CPU.Build.0 = Debug|Any CPU
		{E136D620-2824-489A-9530-18E24BBD596D}.Release|Any CPU.ActiveCfg = Release|Any CPU
		{E136D620-2824-489A-9530-18E24BBD596D}.Release|Any CPU.Build.0 = Release|Any CPU
		{47A538AD-87AE-45E7-9296-A12D1EF0D6C8}.Debug|Any CPU.ActiveCfg = Debug|Any CPU
		{47A538AD-87AE-45E7-9296-A12D1EF0D6C8}.Debug|Any CPU.Build.0 = Debug|Any CPU
		{47A538AD-87AE-45E7-9296-A12D1EF0D6C8}.Release|Any CPU.ActiveCfg = Release|Any CPU
		{47A538AD-87AE-45E7-9296-A12D1EF0D6C8}.Release|Any CPU.Build.0 = Release|Any CPU
		{74641EF0-6950-45E1-9231-34A09B6E166F}.Debug|Any CPU.ActiveCfg = Debug|Any CPU
		{74641EF0-6950-45E1-9231-34A09B6E166F}.Debug|Any CPU.Build.0 = Debug|Any CPU
		{74641EF0-6950-45E1-9231-34A09B6E166F}.Release|Any CPU.ActiveCfg = Release|Any CPU
		{74641EF0-6950-45E1-9231-34A09B6E166F}.Release|Any CPU.Build.0 = Release|Any CPU
	EndGlobalSection
	GlobalSection(SolutionProperties) = preSolution
		HideSolutionNode = FALSE
	EndGlobalSection
EndGlobal
