
Microsoft Visual Studio Solution File, Format Version 12.00
# Visual Studio 2012
Project("{FAE04EC0-301F-11D3-BF4B-00C04F79EFBC}") = "ForIterations", "ForIterations\ForIterations.csproj", "{AB92B6BF-2DEA-4148-9049-E8AF050328AF}"
EndProject
Global
	GlobalSection(SolutionConfigurationPlatforms) = preSolution
		Debug|Any CPU = Debug|Any CPU
		Release|Any CPU = Release|Any CPU
	EndGlobalSection
	GlobalSection(ProjectConfigurationPlatforms) = postSolution
		{AB92B6BF-2DEA-4148-9049-E8AF050328AF}.Debug|Any CPU.ActiveCfg = Debug|Any CPU
		{AB92B6BF-2DEA-4148-9049-E8AF050328AF}.Debug|Any CPU.Build.0 = Debug|Any CPU
		{AB92B6BF-2DEA-4148-9049-E8AF050328AF}.Release|Any CPU.ActiveCfg = Release|Any CPU
		{AB92B6BF-2DEA-4148-9049-E8AF050328AF}.Release|Any CPU.Build.0 = Release|Any CPU
	EndGlobalSection
	GlobalSection(SolutionProperties) = preSolution
		HideSolutionNode = FALSE
	EndGlobalSection
EndGlobal
