
Microsoft Visual Studio Solution File, Format Version 12.00
# Visual Studio 2012
Project("{FAE04EC0-301F-11D3-BF4B-00C04F79EFBC}") = "DatesAndTimes", "DatesAndTimes\DatesAndTimes.csproj", "{B7A706C5-419C-4587-8E54-61FA5C9D9B2C}"
EndProject
Global
	GlobalSection(SolutionConfigurationPlatforms) = preSolution
		Debug|Any CPU = Debug|Any CPU
		Release|Any CPU = Release|Any CPU
	EndGlobalSection
	GlobalSection(ProjectConfigurationPlatforms) = postSolution
		{B7A706C5-419C-4587-8E54-61FA5C9D9B2C}.Debug|Any CPU.ActiveCfg = Debug|Any CPU
		{B7A706C5-419C-4587-8E54-61FA5C9D9B2C}.Debug|Any CPU.Build.0 = Debug|Any CPU
		{B7A706C5-419C-4587-8E54-61FA5C9D9B2C}.Release|Any CPU.ActiveCfg = Release|Any CPU
		{B7A706C5-419C-4587-8E54-61FA5C9D9B2C}.Release|Any CPU.Build.0 = Release|Any CPU
	EndGlobalSection
	GlobalSection(SolutionProperties) = preSolution
		HideSolutionNode = FALSE
	EndGlobalSection
EndGlobal
