
Microsoft Visual Studio Solution File, Format Version 12.00
# Visual Studio 2012
Project("{FAE04EC0-301F-11D3-BF4B-00C04F79EFBC}") = "NamespacesAndReferencingAssemblies", "NamespacesAndReferencingAssemblies\NamespacesAndReferencingAssemblies.csproj", "{508E2CE4-4F88-44D1-AEE7-749806FA70D1}"
EndProject
Global
	GlobalSection(SolutionConfigurationPlatforms) = preSolution
		Debug|Any CPU = Debug|Any CPU
		Release|Any CPU = Release|Any CPU
	EndGlobalSection
	GlobalSection(ProjectConfigurationPlatforms) = postSolution
		{508E2CE4-4F88-44D1-AEE7-749806FA70D1}.Debug|Any CPU.ActiveCfg = Debug|Any CPU
		{508E2CE4-4F88-44D1-AEE7-749806FA70D1}.Debug|Any CPU.Build.0 = Debug|Any CPU
		{508E2CE4-4F88-44D1-AEE7-749806FA70D1}.Release|Any CPU.ActiveCfg = Release|Any CPU
		{508E2CE4-4F88-44D1-AEE7-749806FA70D1}.Release|Any CPU.Build.0 = Release|Any CPU
	EndGlobalSection
	GlobalSection(SolutionProperties) = preSolution
		HideSolutionNode = FALSE
	EndGlobalSection
EndGlobal
