
Microsoft Visual Studio Solution File, Format Version 12.00
# Visual Studio 2012
Project("{FAE04EC0-301F-11D3-BF4B-00C04F79EFBC}") = "ChallengeEpicSpiesAssetTracker", "ChallengeEpicSpiesAssetTracker\ChallengeEpicSpiesAssetTracker.csproj", "{C7A5D945-F5DF-4878-96D3-E5BCA7A5FD81}"
EndProject
Global
	GlobalSection(SolutionConfigurationPlatforms) = preSolution
		Debug|Any CPU = Debug|Any CPU
		Release|Any CPU = Release|Any CPU
	EndGlobalSection
	GlobalSection(ProjectConfigurationPlatforms) = postSolution
		{C7A5D945-F5DF-4878-96D3-E5BCA7A5FD81}.Debug|Any CPU.ActiveCfg = Debug|Any CPU
		{C7A5D945-F5DF-4878-96D3-E5BCA7A5FD81}.Debug|Any CPU.Build.0 = Debug|Any CPU
		{C7A5D945-F5DF-4878-96D3-E5BCA7A5FD81}.Release|Any CPU.ActiveCfg = Release|Any CPU
		{C7A5D945-F5DF-4878-96D3-E5BCA7A5FD81}.Release|Any CPU.Build.0 = Release|Any CPU
	EndGlobalSection
	GlobalSection(SolutionProperties) = preSolution
		HideSolutionNode = FALSE
	EndGlobalSection
EndGlobal
